
Microsoft Visual Studio Solution File, Format Version 12.00
# Visual Studio Version 17
VisualStudioVersion = 17.5.002.0
MinimumVisualStudioVersion = 10.0.40219.1
Project("{2150E333-8FDC-42A3-9474-1A3956D46DE8}") = "sandbox", "sandbox", "{0E8C6172-D2B3-4680-A466-2B78C566FE72}"
EndProject
Project("{9A19103F-16F7-4668-BE54-9A1E7A4F7556}") = "sandbox_project", "sandbox\sandbox_project\sandbox_project.csproj", "{BD2927A5-0690-46C5-95B3-6ADA9D6281E5}"
EndProject
Project("{2150E333-8FDC-42A3-9474-1A3956D46DE8}") = "week01", "week01", "{70265576-5E1D-44C7-8452-E9934322089E}"
EndProject
Project("{9A19103F-16F7-4668-BE54-9A1E7A4F7556}") = "analyze", "week01\analyze\analyze.csproj", "{F9B2D8C8-C6A7-447F-AA9A-E3996E79A529}"
EndProject
Project("{9A19103F-16F7-4668-BE54-9A1E7A4F7556}") = "code", "week01\code\code.csproj", "{67DC9700-39C1-436F-AD32-24D5EF441D25}"
EndProject
Project("{9A19103F-16F7-4668-BE54-9A1E7A4F7556}") = "teach", "week01\teach\teach.csproj", "{737E677A-26C5-4F78-897E-7680CDFE7D26}"
EndProject
Project("{2150E333-8FDC-42A3-9474-1A3956D46DE8}") = "week02", "week02", "{D34519B6-CEA8-40BF-9ACB-069E430DC235}"
EndProject
Project("{9A19103F-16F7-4668-BE54-9A1E7A4F7556}") = "analyze", "week02\analyze\analyze.csproj", "{4614EAED-A2C2-469E-A161-64DCCEE96211}"
EndProject
Project("{9A19103F-16F7-4668-BE54-9A1E7A4F7556}") = "code", "week02\code\code.csproj", "{625C1D85-4575-4711-AC68-248D5F29939F}"
EndProject
Project("{9A19103F-16F7-4668-BE54-9A1E7A4F7556}") = "learn", "week02\learn\learn.csproj", "{54F774CA-A4CE-49F1-8E3C-362F3C0556D0}"
EndProject
Project("{9A19103F-16F7-4668-BE54-9A1E7A4F7556}") = "teach", "week02\teach\teach.csproj", "{9668531F-594B-4D77-B5FC-753CC8C23DDD}"
EndProject
Project("{2150E333-8FDC-42A3-9474-1A3956D46DE8}") = "week03", "week03", "{2E0CAC2B-5B24-4004-B382-B5E6DEEA1E04}"
EndProject
Project("{9A19103F-16F7-4668-BE54-9A1E7A4F7556}") = "code", "week03\code\code.csproj", "{9256BEAB-C10F-4C02-A49D-7EAC58AAD6A8}"
EndProject
Project("{9A19103F-16F7-4668-BE54-9A1E7A4F7556}") = "learn", "week03\learn\learn.csproj", "{DAA5D362-2020-47C2-8CF6-A2FEC29F7F7F}"
EndProject
Project("{9A19103F-16F7-4668-BE54-9A1E7A4F7556}") = "teach", "week03\teach\teach.csproj", "{9B3D2DFA-89D6-442F-9E9C-A142498E835B}"
EndProject
Project("{2150E333-8FDC-42A3-9474-1A3956D46DE8}") = "week04", "week04", "{BD36EBDC-9F1C-4BB2-BD74-5AC4F66DA23E}"
EndProject
Project("{9A19103F-16F7-4668-BE54-9A1E7A4F7556}") = "code", "week04\code\code.csproj", "{A42EBF92-73FC-4B71-A1B6-C8E781E3F1FE}"
EndProject
Project("{2150E333-8FDC-42A3-9474-1A3956D46DE8}") = "week05", "week05", "{95C22F9C-637D-4F7D-A50C-8AAC8E9C9066}"
EndProject
Project("{9A19103F-16F7-4668-BE54-9A1E7A4F7556}") = "code", "week05\code\code.csproj", "{1BD58912-3416-4BC5-ADE3-25EB31119A0D}"
EndProject
Project("{2150E333-8FDC-42A3-9474-1A3956D46DE8}") = "week06", "week06", "{2DFFD480-CAB2-43BA-9814-6A0C6F12E8F6}"
EndProject
Project("{9A19103F-16F7-4668-BE54-9A1E7A4F7556}") = "code", "week06\code\code.csproj", "{47E35C0E-299C-4F56-B88D-B014E1A2A64E}"
EndProject
Global
	GlobalSection(SolutionConfigurationPlatforms) = preSolution
		Debug|Any CPU = Debug|Any CPU
		Release|Any CPU = Release|Any CPU
	EndGlobalSection
	GlobalSection(ProjectConfigurationPlatforms) = postSolution
		{BD2927A5-0690-46C5-95B3-6ADA9D6281E5}.Debug|Any CPU.ActiveCfg = Debug|Any CPU
		{BD2927A5-0690-46C5-95B3-6ADA9D6281E5}.Debug|Any CPU.Build.0 = Debug|Any CPU
		{BD2927A5-0690-46C5-95B3-6ADA9D6281E5}.Release|Any CPU.ActiveCfg = Release|Any CPU
		{BD2927A5-0690-46C5-95B3-6ADA9D6281E5}.Release|Any CPU.Build.0 = Release|Any CPU
		{F9B2D8C8-C6A7-447F-AA9A-E3996E79A529}.Debug|Any CPU.ActiveCfg = Debug|Any CPU
		{F9B2D8C8-C6A7-447F-AA9A-E3996E79A529}.Debug|Any CPU.Build.0 = Debug|Any CPU
		{F9B2D8C8-C6A7-447F-AA9A-E3996E79A529}.Release|Any CPU.ActiveCfg = Release|Any CPU
		{F9B2D8C8-C6A7-447F-AA9A-E3996E79A529}.Release|Any CPU.Build.0 = Release|Any CPU
		{67DC9700-39C1-436F-AD32-24D5EF441D25}.Debug|Any CPU.ActiveCfg = Debug|Any CPU
		{67DC9700-39C1-436F-AD32-24D5EF441D25}.Debug|Any CPU.Build.0 = Debug|Any CPU
		{67DC9700-39C1-436F-AD32-24D5EF441D25}.Release|Any CPU.ActiveCfg = Release|Any CPU
		{67DC9700-39C1-436F-AD32-24D5EF441D25}.Release|Any CPU.Build.0 = Release|Any CPU
		{737E677A-26C5-4F78-897E-7680CDFE7D26}.Debug|Any CPU.ActiveCfg = Debug|Any CPU
		{737E677A-26C5-4F78-897E-7680CDFE7D26}.Debug|Any CPU.Build.0 = Debug|Any CPU
		{737E677A-26C5-4F78-897E-7680CDFE7D26}.Release|Any CPU.ActiveCfg = Release|Any CPU
		{737E677A-26C5-4F78-897E-7680CDFE7D26}.Release|Any CPU.Build.0 = Release|Any CPU
		{4614EAED-A2C2-469E-A161-64DCCEE96211}.Debug|Any CPU.ActiveCfg = Debug|Any CPU
		{4614EAED-A2C2-469E-A161-64DCCEE96211}.Debug|Any CPU.Build.0 = Debug|Any CPU
		{4614EAED-A2C2-469E-A161-64DCCEE96211}.Release|Any CPU.ActiveCfg = Release|Any CPU
		{4614EAED-A2C2-469E-A161-64DCCEE96211}.Release|Any CPU.Build.0 = Release|Any CPU
		{625C1D85-4575-4711-AC68-248D5F29939F}.Debug|Any CPU.ActiveCfg = Debug|Any CPU
		{625C1D85-4575-4711-AC68-248D5F29939F}.Debug|Any CPU.Build.0 = Debug|Any CPU
		{625C1D85-4575-4711-AC68-248D5F29939F}.Release|Any CPU.ActiveCfg = Release|Any CPU
		{625C1D85-4575-4711-AC68-248D5F29939F}.Release|Any CPU.Build.0 = Release|Any CPU
		{54F774CA-A4CE-49F1-8E3C-362F3C0556D0}.Debug|Any CPU.ActiveCfg = Debug|Any CPU
		{54F774CA-A4CE-49F1-8E3C-362F3C0556D0}.Debug|Any CPU.Build.0 = Debug|Any CPU
		{54F774CA-A4CE-49F1-8E3C-362F3C0556D0}.Release|Any CPU.ActiveCfg = Release|Any CPU
		{54F774CA-A4CE-49F1-8E3C-362F3C0556D0}.Release|Any CPU.Build.0 = Release|Any CPU
		{9668531F-594B-4D77-B5FC-753CC8C23DDD}.Debug|Any CPU.ActiveCfg = Debug|Any CPU
		{9668531F-594B-4D77-B5FC-753CC8C23DDD}.Debug|Any CPU.Build.0 = Debug|Any CPU
		{9668531F-594B-4D77-B5FC-753CC8C23DDD}.Release|Any CPU.ActiveCfg = Release|Any CPU
		{9668531F-594B-4D77-B5FC-753CC8C23DDD}.Release|Any CPU.Build.0 = Release|Any CPU
		{9256BEAB-C10F-4C02-A49D-7EAC58AAD6A8}.Debug|Any CPU.ActiveCfg = Debug|Any CPU
		{9256BEAB-C10F-4C02-A49D-7EAC58AAD6A8}.Debug|Any CPU.Build.0 = Debug|Any CPU
		{9256BEAB-C10F-4C02-A49D-7EAC58AAD6A8}.Release|Any CPU.ActiveCfg = Release|Any CPU
		{9256BEAB-C10F-4C02-A49D-7EAC58AAD6A8}.Release|Any CPU.Build.0 = Release|Any CPU
		{DAA5D362-2020-47C2-8CF6-A2FEC29F7F7F}.Debug|Any CPU.ActiveCfg = Debug|Any CPU
		{DAA5D362-2020-47C2-8CF6-A2FEC29F7F7F}.Debug|Any CPU.Build.0 = Debug|Any CPU
		{DAA5D362-2020-47C2-8CF6-A2FEC29F7F7F}.Release|Any CPU.ActiveCfg = Release|Any CPU
		{DAA5D362-2020-47C2-8CF6-A2FEC29F7F7F}.Release|Any CPU.Build.0 = Release|Any CPU
		{9B3D2DFA-89D6-442F-9E9C-A142498E835B}.Debug|Any CPU.ActiveCfg = Debug|Any CPU
		{9B3D2DFA-89D6-442F-9E9C-A142498E835B}.Debug|Any CPU.Build.0 = Debug|Any CPU
		{9B3D2DFA-89D6-442F-9E9C-A142498E835B}.Release|Any CPU.ActiveCfg = Release|Any CPU
		{9B3D2DFA-89D6-442F-9E9C-A142498E835B}.Release|Any CPU.Build.0 = Release|Any CPU
		{A42EBF92-73FC-4B71-A1B6-C8E781E3F1FE}.Debug|Any CPU.ActiveCfg = Debug|Any CPU
		{A42EBF92-73FC-4B71-A1B6-C8E781E3F1FE}.Debug|Any CPU.Build.0 = Debug|Any CPU
		{A42EBF92-73FC-4B71-A1B6-C8E781E3F1FE}.Release|Any CPU.ActiveCfg = Release|Any CPU
		{A42EBF92-73FC-4B71-A1B6-C8E781E3F1FE}.Release|Any CPU.Build.0 = Release|Any CPU
		{1BD58912-3416-4BC5-ADE3-25EB31119A0D}.Debug|Any CPU.ActiveCfg = Debug|Any CPU
		{1BD58912-3416-4BC5-ADE3-25EB31119A0D}.Debug|Any CPU.Build.0 = Debug|Any CPU
		{1BD58912-3416-4BC5-ADE3-25EB31119A0D}.Release|Any CPU.ActiveCfg = Release|Any CPU
		{1BD58912-3416-4BC5-ADE3-25EB31119A0D}.Release|Any CPU.Build.0 = Release|Any CPU
		{47E35C0E-299C-4F56-B88D-B014E1A2A64E}.Debug|Any CPU.ActiveCfg = Debug|Any CPU
		{47E35C0E-299C-4F56-B88D-B014E1A2A64E}.Debug|Any CPU.Build.0 = Debug|Any CPU
		{47E35C0E-299C-4F56-B88D-B014E1A2A64E}.Release|Any CPU.ActiveCfg = Release|Any CPU
		{47E35C0E-299C-4F56-B88D-B014E1A2A64E}.Release|Any CPU.Build.0 = Release|Any CPU
	EndGlobalSection
	GlobalSection(SolutionProperties) = preSolution
		HideSolutionNode = FALSE
	EndGlobalSection
	GlobalSection(NestedProjects) = preSolution
		{BD2927A5-0690-46C5-95B3-6ADA9D6281E5} = {0E8C6172-D2B3-4680-A466-2B78C566FE72}
		{F9B2D8C8-C6A7-447F-AA9A-E3996E79A529} = {70265576-5E1D-44C7-8452-E9934322089E}
		{67DC9700-39C1-436F-AD32-24D5EF441D25} = {70265576-5E1D-44C7-8452-E9934322089E}
		{737E677A-26C5-4F78-897E-7680CDFE7D26} = {70265576-5E1D-44C7-8452-E9934322089E}
		{4614EAED-A2C2-469E-A161-64DCCEE96211} = {D34519B6-CEA8-40BF-9ACB-069E430DC235}
		{625C1D85-4575-4711-AC68-248D5F29939F} = {D34519B6-CEA8-40BF-9ACB-069E430DC235}
		{54F774CA-A4CE-49F1-8E3C-362F3C0556D0} = {D34519B6-CEA8-40BF-9ACB-069E430DC235}
		{9668531F-594B-4D77-B5FC-753CC8C23DDD} = {D34519B6-CEA8-40BF-9ACB-069E430DC235}
		{9256BEAB-C10F-4C02-A49D-7EAC58AAD6A8} = {2E0CAC2B-5B24-4004-B382-B5E6DEEA1E04}
		{DAA5D362-2020-47C2-8CF6-A2FEC29F7F7F} = {2E0CAC2B-5B24-4004-B382-B5E6DEEA1E04}
		{9B3D2DFA-89D6-442F-9E9C-A142498E835B} = {2E0CAC2B-5B24-4004-B382-B5E6DEEA1E04}
		{A42EBF92-73FC-4B71-A1B6-C8E781E3F1FE} = {BD36EBDC-9F1C-4BB2-BD74-5AC4F66DA23E}
		{1BD58912-3416-4BC5-ADE3-25EB31119A0D} = {95C22F9C-637D-4F7D-A50C-8AAC8E9C9066}
		{47E35C0E-299C-4F56-B88D-B014E1A2A64E} = {2DFFD480-CAB2-43BA-9814-6A0C6F12E8F6}
	EndGlobalSection
	GlobalSection(ExtensibilityGlobals) = postSolution
		SolutionGuid = {CDB14C1E-677D-4A66-ADB0-BE8779D02268}
	EndGlobalSection
EndGlobal
